PODS:
  - Masonry (1.0.2)
  - MJRefresh (2.0.4)
  - podLibrary (0.1.0):
    - Masonry
    - MJRefresh (~> 2.0.4)

DEPENDENCIES:
  - podLibrary (from `../`)

EXTERNAL SOURCES:
  podLibrary:
    :path: "../"

SPEC CHECKSUMS:
  Masonry: 7c429b56da9d4ee0bbb3ed77a5ea710d6a5df39e
  MJRefresh: ea153717001d3c02444bd22b75c111d2937d2104
  podLibrary: 5f1e64c3663f6af97b152143acb8ccf3ccefa410

PODFILE CHECKSUM: 5caa081d5b1cd7c3b9af6d38972a87f9d0768fe0

COCOAPODS: 1.1.0.rc.2
